
Microsoft Visual Studio Solution File, Format Version 12.00
# Visual Studio Version 16
VisualStudioVersion = 16.0.29215.179
MinimumVisualStudioVersion = 10.0.40219.1
Project("{888888A0-9F3D-457C-B088-3A5042F75D52}") = "Metrics", "PythonApplication1\Metrics.pyproj", "{5B8B85F4-5858-4721-8E5E-2CB20AE64486}"
EndProject
Global
	GlobalSection(SolutionConfigurationPlatforms) = preSolution
		Debug|Any CPU = Debug|Any CPU
		Release|Any CPU = Release|Any CPU
	EndGlobalSection
	GlobalSection(ProjectConfigurationPlatforms) = postSolution
		{5B8B85F4-5858-4721-8E5E-2CB20AE64486}.Debug|Any CPU.ActiveCfg = Debug|Any CPU
		{5B8B85F4-5858-4721-8E5E-2CB20AE64486}.Release|Any CPU.ActiveCfg = Release|Any CPU
	EndGlobalSection
	GlobalSection(SolutionProperties) = preSolution
		HideSolutionNode = FALSE
	EndGlobalSection
	GlobalSection(ExtensibilityGlobals) = postSolution
		SolutionGuid = {C43F0B47-587E-4368-849C-E0EF52ACDE9E}
	EndGlobalSection
EndGlobal
